
Microsoft Visual Studio Solution File, Format Version 12.00
# Visual Studio 15
VisualStudioVersion = 15.0.26730.12
MinimumVisualStudioVersion = 10.0.40219.1
Project("{FAE04EC0-301F-11D3-BF4B-00C04F79EFBC}") = "Number 0...100 to text", "Number 0...100 to text\Number 0...100 to text.csproj", "{B9F4592C-FBAB-4E0E-AEF4-100A9B2C912E}"
EndProject
Global
	GlobalSection(SolutionConfigurationPlatforms) = preSolution
		Debug|Any CPU = Debug|Any CPU
		Release|Any CPU = Release|Any CPU
	EndGlobalSection
	GlobalSection(ProjectConfigurationPlatforms) = postSolution
		{B9F4592C-FBAB-4E0E-AEF4-100A9B2C912E}.Debug|Any CPU.ActiveCfg = Debug|Any CPU
		{B9F4592C-FBAB-4E0E-AEF4-100A9B2C912E}.Debug|Any CPU.Build.0 = Debug|Any CPU
		{B9F4592C-FBAB-4E0E-AEF4-100A9B2C912E}.Release|Any CPU.ActiveCfg = Release|Any CPU
		{B9F4592C-FBAB-4E0E-AEF4-100A9B2C912E}.Release|Any CPU.Build.0 = Release|Any CPU
	EndGlobalSection
	GlobalSection(SolutionProperties) = preSolution
		HideSolutionNode = FALSE
	EndGlobalSection
	GlobalSection(ExtensibilityGlobals) = postSolution
		SolutionGuid = {4005D4BE-4D7A-4F1F-8E93-6FC190214D91}
	EndGlobalSection
EndGlobal
