
Microsoft Visual Studio Solution File, Format Version 12.00
# Visual Studio 15
VisualStudioVersion = 15.0.26730.12
MinimumVisualStudioVersion = 10.0.40219.1
Project("{FAE04EC0-301F-11D3-BF4B-00C04F79EFBC}") = "01. Personal Titles", "01. Personal Titles\01. Personal Titles.csproj", "{999ACF5F-DDCC-44FF-AE15-223FF0B4A36A}"
EndProject
Project("{FAE04EC0-301F-11D3-BF4B-00C04F79EFBC}") = "02. Small Shop", "02. Small Shop\02. Small Shop.csproj", "{D02AC4E0-5140-4CCF-A50B-65A4B5FF9417}"
EndProject
Global
	GlobalSection(SolutionConfigurationPlatforms) = preSolution
		Debug|Any CPU = Debug|Any CPU
		Release|Any CPU = Release|Any CPU
	EndGlobalSection
	GlobalSection(ProjectConfigurationPlatforms) = postSolution
		{999ACF5F-DDCC-44FF-AE15-223FF0B4A36A}.Debug|Any CPU.ActiveCfg = Debug|Any CPU
		{999ACF5F-DDCC-44FF-AE15-223FF0B4A36A}.Debug|Any CPU.Build.0 = Debug|Any CPU
		{999ACF5F-DDCC-44FF-AE15-223FF0B4A36A}.Release|Any CPU.ActiveCfg = Release|Any CPU
		{999ACF5F-DDCC-44FF-AE15-223FF0B4A36A}.Release|Any CPU.Build.0 = Release|Any CPU
		{D02AC4E0-5140-4CCF-A50B-65A4B5FF9417}.Debug|Any CPU.ActiveCfg = Debug|Any CPU
		{D02AC4E0-5140-4CCF-A50B-65A4B5FF9417}.Debug|Any CPU.Build.0 = Debug|Any CPU
		{D02AC4E0-5140-4CCF-A50B-65A4B5FF9417}.Release|Any CPU.ActiveCfg = Release|Any CPU
		{D02AC4E0-5140-4CCF-A50B-65A4B5FF9417}.Release|Any CPU.Build.0 = Release|Any CPU
	EndGlobalSection
	GlobalSection(SolutionProperties) = preSolution
		HideSolutionNode = FALSE
	EndGlobalSection
	GlobalSection(ExtensibilityGlobals) = postSolution
		SolutionGuid = {98E3EF0F-624C-4AFC-A676-94FBF48BE38B}
	EndGlobalSection
EndGlobal
