
Microsoft Visual Studio Solution File, Format Version 12.00
# Visual Studio 15
VisualStudioVersion = 15.0.26730.12
MinimumVisualStudioVersion = 10.0.40219.1
Project("{FAE04EC0-301F-11D3-BF4B-00C04F79EFBC}") = "Greater Number", "Greater Number\Greater Number.csproj", "{24C76D93-EFC9-4659-8BB5-D0BCCC9511F8}"
EndProject
Project("{FAE04EC0-301F-11D3-BF4B-00C04F79EFBC}") = "Number 0...9 to Tex", "..\Number 0...9 to Tex\Number 0...9 to Tex.csproj", "{D2132A4F-A1A5-4B37-AAC0-14F167D14023}"
EndProject
Global
	GlobalSection(SolutionConfigurationPlatforms) = preSolution
		Debug|Any CPU = Debug|Any CPU
		Release|Any CPU = Release|Any CPU
	EndGlobalSection
	GlobalSection(ProjectConfigurationPlatforms) = postSolution
		{24C76D93-EFC9-4659-8BB5-D0BCCC9511F8}.Debug|Any CPU.ActiveCfg = Debug|Any CPU
		{24C76D93-EFC9-4659-8BB5-D0BCCC9511F8}.Debug|Any CPU.Build.0 = Debug|Any CPU
		{24C76D93-EFC9-4659-8BB5-D0BCCC9511F8}.Release|Any CPU.ActiveCfg = Release|Any CPU
		{24C76D93-EFC9-4659-8BB5-D0BCCC9511F8}.Release|Any CPU.Build.0 = Release|Any CPU
		{D2132A4F-A1A5-4B37-AAC0-14F167D14023}.Debug|Any CPU.ActiveCfg = Debug|Any CPU
		{D2132A4F-A1A5-4B37-AAC0-14F167D14023}.Debug|Any CPU.Build.0 = Debug|Any CPU
		{D2132A4F-A1A5-4B37-AAC0-14F167D14023}.Release|Any CPU.ActiveCfg = Release|Any CPU
		{D2132A4F-A1A5-4B37-AAC0-14F167D14023}.Release|Any CPU.Build.0 = Release|Any CPU
	EndGlobalSection
	GlobalSection(SolutionProperties) = preSolution
		HideSolutionNode = FALSE
	EndGlobalSection
	GlobalSection(ExtensibilityGlobals) = postSolution
		SolutionGuid = {1AFF6417-D8DB-4AE3-87EA-F16F682774F5}
	EndGlobalSection
EndGlobal
