
Microsoft Visual Studio Solution File, Format Version 12.00
# Visual Studio 15
VisualStudioVersion = 15.0.26730.12
MinimumVisualStudioVersion = 10.0.40219.1
Project("{FAE04EC0-301F-11D3-BF4B-00C04F79EFBC}") = "03. Point in Rectangle", "03. Point in Rectangle\03. Point in Rectangle.csproj", "{A9FC4848-09DE-4754-9714-8723199F202D}"
EndProject
Project("{FAE04EC0-301F-11D3-BF4B-00C04F79EFBC}") = "04. Fruit or Vegetable", "..\04. Fruit or Vegetable\04. Fruit or Vegetable.csproj", "{B3908895-F25D-4226-A28F-150D60BCFD71}"
EndProject
Global
	GlobalSection(SolutionConfigurationPlatforms) = preSolution
		Debug|Any CPU = Debug|Any CPU
		Release|Any CPU = Release|Any CPU
	EndGlobalSection
	GlobalSection(ProjectConfigurationPlatforms) = postSolution
		{A9FC4848-09DE-4754-9714-8723199F202D}.Debug|Any CPU.ActiveCfg = Debug|Any CPU
		{A9FC4848-09DE-4754-9714-8723199F202D}.Debug|Any CPU.Build.0 = Debug|Any CPU
		{A9FC4848-09DE-4754-9714-8723199F202D}.Release|Any CPU.ActiveCfg = Release|Any CPU
		{A9FC4848-09DE-4754-9714-8723199F202D}.Release|Any CPU.Build.0 = Release|Any CPU
		{B3908895-F25D-4226-A28F-150D60BCFD71}.Debug|Any CPU.ActiveCfg = Debug|Any CPU
		{B3908895-F25D-4226-A28F-150D60BCFD71}.Debug|Any CPU.Build.0 = Debug|Any CPU
		{B3908895-F25D-4226-A28F-150D60BCFD71}.Release|Any CPU.ActiveCfg = Release|Any CPU
		{B3908895-F25D-4226-A28F-150D60BCFD71}.Release|Any CPU.Build.0 = Release|Any CPU
	EndGlobalSection
	GlobalSection(SolutionProperties) = preSolution
		HideSolutionNode = FALSE
	EndGlobalSection
	GlobalSection(ExtensibilityGlobals) = postSolution
		SolutionGuid = {D5967B25-C1E8-4480-8C73-1BB73DAE5632}
	EndGlobalSection
EndGlobal
