
Microsoft Visual Studio Solution File, Format Version 12.00
# Visual Studio 15
VisualStudioVersion = 15.0.26730.12
MinimumVisualStudioVersion = 10.0.40219.1
Project("{FAE04EC0-301F-11D3-BF4B-00C04F79EFBC}") = "04. Sum Numbers1", "04. Sum Numbers1\04. Sum Numbers1.csproj", "{C044F29F-D351-43BE-88D2-D3200DD82F3F}"
EndProject
Project("{FAE04EC0-301F-11D3-BF4B-00C04F79EFBC}") = "05.Max Number", "..\05.Max Number\05.Max Number.csproj", "{6D9098E4-F452-42F5-A229-9E4D80AD0BE4}"
EndProject
Project("{FAE04EC0-301F-11D3-BF4B-00C04F79EFBC}") = "06.Min Number", "06.Min Number\06.Min Number.csproj", "{F2AA032E-C6E0-4DF3-B714-087AE744A499}"
EndProject
Project("{FAE04EC0-301F-11D3-BF4B-00C04F79EFBC}") = "07. Left and Right Sum", "..\07. Left and Right Sum\07. Left and Right Sum.csproj", "{0F08AD03-6B24-4AB5-9FFC-A7211B700A41}"
EndProject
Project("{FAE04EC0-301F-11D3-BF4B-00C04F79EFBC}") = "08. Odd Even Sum", "..\08. Odd Even Sum\08. Odd Even Sum.csproj", "{C7AB3D10-6698-41F9-B624-11D025E48C24}"
EndProject
Global
	GlobalSection(SolutionConfigurationPlatforms) = preSolution
		Debug|Any CPU = Debug|Any CPU
		Release|Any CPU = Release|Any CPU
	EndGlobalSection
	GlobalSection(ProjectConfigurationPlatforms) = postSolution
		{C044F29F-D351-43BE-88D2-D3200DD82F3F}.Debug|Any CPU.ActiveCfg = Debug|Any CPU
		{C044F29F-D351-43BE-88D2-D3200DD82F3F}.Debug|Any CPU.Build.0 = Debug|Any CPU
		{C044F29F-D351-43BE-88D2-D3200DD82F3F}.Release|Any CPU.ActiveCfg = Release|Any CPU
		{C044F29F-D351-43BE-88D2-D3200DD82F3F}.Release|Any CPU.Build.0 = Release|Any CPU
		{6D9098E4-F452-42F5-A229-9E4D80AD0BE4}.Debug|Any CPU.ActiveCfg = Debug|Any CPU
		{6D9098E4-F452-42F5-A229-9E4D80AD0BE4}.Debug|Any CPU.Build.0 = Debug|Any CPU
		{6D9098E4-F452-42F5-A229-9E4D80AD0BE4}.Release|Any CPU.ActiveCfg = Release|Any CPU
		{6D9098E4-F452-42F5-A229-9E4D80AD0BE4}.Release|Any CPU.Build.0 = Release|Any CPU
		{F2AA032E-C6E0-4DF3-B714-087AE744A499}.Debug|Any CPU.ActiveCfg = Debug|Any CPU
		{F2AA032E-C6E0-4DF3-B714-087AE744A499}.Debug|Any CPU.Build.0 = Debug|Any CPU
		{F2AA032E-C6E0-4DF3-B714-087AE744A499}.Release|Any CPU.ActiveCfg = Release|Any CPU
		{F2AA032E-C6E0-4DF3-B714-087AE744A499}.Release|Any CPU.Build.0 = Release|Any CPU
		{0F08AD03-6B24-4AB5-9FFC-A7211B700A41}.Debug|Any CPU.ActiveCfg = Debug|Any CPU
		{0F08AD03-6B24-4AB5-9FFC-A7211B700A41}.Debug|Any CPU.Build.0 = Debug|Any CPU
		{0F08AD03-6B24-4AB5-9FFC-A7211B700A41}.Release|Any CPU.ActiveCfg = Release|Any CPU
		{0F08AD03-6B24-4AB5-9FFC-A7211B700A41}.Release|Any CPU.Build.0 = Release|Any CPU
		{C7AB3D10-6698-41F9-B624-11D025E48C24}.Debug|Any CPU.ActiveCfg = Debug|Any CPU
		{C7AB3D10-6698-41F9-B624-11D025E48C24}.Debug|Any CPU.Build.0 = Debug|Any CPU
		{C7AB3D10-6698-41F9-B624-11D025E48C24}.Release|Any CPU.ActiveCfg = Release|Any CPU
		{C7AB3D10-6698-41F9-B624-11D025E48C24}.Release|Any CPU.Build.0 = Release|Any CPU
	EndGlobalSection
	GlobalSection(SolutionProperties) = preSolution
		HideSolutionNode = FALSE
	EndGlobalSection
	GlobalSection(ExtensibilityGlobals) = postSolution
		SolutionGuid = {5D6D4156-5753-4EB5-930B-6D33CB6AFAB9}
	EndGlobalSection
EndGlobal
